
Microsoft Visual Studio Solution File, Format Version 11.00
# Visual Studio 2010
Project("{FAE04EC0-301F-11D3-BF4B-00C04F79EFBC}") = "SpellCardExtractor", "SpellCardExtractor\SpellCardExtractor.csproj", "{275E6E44-E230-4901-971B-522BC50C400F}"
EndProject
Global
	GlobalSection(SolutionConfigurationPlatforms) = preSolution
		Debug|x86 = Debug|x86
		Release|x86 = Release|x86
	EndGlobalSection
	GlobalSection(ProjectConfigurationPlatforms) = postSolution
		{275E6E44-E230-4901-971B-522BC50C400F}.Debug|x86.ActiveCfg = Debug|x86
		{275E6E44-E230-4901-971B-522BC50C400F}.Debug|x86.Build.0 = Debug|x86
		{275E6E44-E230-4901-971B-522BC50C400F}.Release|x86.ActiveCfg = Release|x86
		{275E6E44-E230-4901-971B-522BC50C400F}.Release|x86.Build.0 = Release|x86
	EndGlobalSection
	GlobalSection(SolutionProperties) = preSolution
		HideSolutionNode = FALSE
	EndGlobalSection
EndGlobal
